github.com/approvals/go-approval-tests v0.0.0-20220429035603-e60d9ca44d3e h1:ASYyPk+801v930jMIGUq/7MWrOsCLiuNHkE3QgJJsDo=
github.com/approvals/go-approval-tests v0.0.0-20220429035603-e60d9ca44d3e/go.mod h1:PJOqSY8IofNv3heAD6k8E7EfFS6okiSS9bSAasaAUME=
github.com/gomarkdown/markdown v0.0.0-20220510115730-2372b9aa33e5 h1:mjLaNMRojfgo2qgSdEX1CzmG7rHTeOWZdO1T1sgjEb0=
github.com/gomarkdown/markdown v0.0.0-20220510115730-2372b9aa33e5/go.mod h1:JDGcbDT52eL4fju3sZ4TeHGsQwhG9nbDV21aMyhwPoA=
